
Microsoft Visual Studio Solution File, Format Version 12.00
# Visual Studio Version 16
VisualStudioVersion = 16.0.30330.147
MinimumVisualStudioVersion = 10.0.40219.1
Project("{FAE04EC0-301F-11D3-BF4B-00C04F79EFBC}") = "RetailManager", "RetailManager\RetailManager.csproj", "{0C775F3C-AFFE-40F3-97AD-5D5FBA90D05F}"
EndProject
Global
	GlobalSection(SolutionConfigurationPlatforms) = preSolution
		Debug|Any CPU = Debug|Any CPU
		Release|Any CPU = Release|Any CPU
	EndGlobalSection
	GlobalSection(ProjectConfigurationPlatforms) = postSolution
		{0C775F3C-AFFE-40F3-97AD-5D5FBA90D05F}.Debug|Any CPU.ActiveCfg = Debug|Any CPU
		{0C775F3C-AFFE-40F3-97AD-5D5FBA90D05F}.Debug|Any CPU.Build.0 = Debug|Any CPU
		{0C775F3C-AFFE-40F3-97AD-5D5FBA90D05F}.Release|Any CPU.ActiveCfg = Release|Any CPU
		{0C775F3C-AFFE-40F3-97AD-5D5FBA90D05F}.Release|Any CPU.Build.0 = Release|Any CPU
	EndGlobalSection
	GlobalSection(SolutionProperties) = preSolution
		HideSolutionNode = FALSE
	EndGlobalSection
	GlobalSection(ExtensibilityGlobals) = postSolution
		SolutionGuid = {CD986E86-09AE-44AE-B046-83D8E36F992B}
	EndGlobalSection
EndGlobal
